
Microsoft Visual Studio Solution File, Format Version 12.00
# Visual Studio Version 16
VisualStudioVersion = 16.0.30907.101
MinimumVisualStudioVersion = 10.0.40219.1
Project("{8BC9CEB8-8B4A-11D0-8D11-00A0C91BC942}") = "probl1sem3", "probl1sem3\probl1sem3.vcxproj", "{28683304-E78A-4101-A4A3-68DD955AAEE0}"
EndProject
Global
	GlobalSection(SolutionConfigurationPlatforms) = preSolution
		Debug|x64 = Debug|x64
		Debug|x86 = Debug|x86
		Release|x64 = Release|x64
		Release|x86 = Release|x86
	EndGlobalSection
	GlobalSection(ProjectConfigurationPlatforms) = postSolution
		{28683304-E78A-4101-A4A3-68DD955AAEE0}.Debug|x64.ActiveCfg = Debug|x64
		{28683304-E78A-4101-A4A3-68DD955AAEE0}.Debug|x64.Build.0 = Debug|x64
		{28683304-E78A-4101-A4A3-68DD955AAEE0}.Debug|x86.ActiveCfg = Debug|Win32
		{28683304-E78A-4101-A4A3-68DD955AAEE0}.Debug|x86.Build.0 = Debug|Win32
		{28683304-E78A-4101-A4A3-68DD955AAEE0}.Release|x64.ActiveCfg = Release|x64
		{28683304-E78A-4101-A4A3-68DD955AAEE0}.Release|x64.Build.0 = Release|x64
		{28683304-E78A-4101-A4A3-68DD955AAEE0}.Release|x86.ActiveCfg = Release|Win32
		{28683304-E78A-4101-A4A3-68DD955AAEE0}.Release|x86.Build.0 = Release|Win32
	EndGlobalSection
	GlobalSection(SolutionProperties) = preSolution
		HideSolutionNode = FALSE
	EndGlobalSection
	GlobalSection(ExtensibilityGlobals) = postSolution
		SolutionGuid = {659513AC-F6A3-4552-8C6F-E97A929EE7D5}
	EndGlobalSection
EndGlobal
